Microsoft Visual Studio Solution File, Format Version 12.00
# Visual Studio Version 17
VisualStudioVersion = 17.5.2.0
MinimumVisualStudioVersion = 10.0.40219.1
Project("{FAE04EC0-301F-11D3-BF4B-00C04F79EFBC}") = "Studanka", "Studanka.csproj", "{5DC89648-9F85-58FB-480B-F61267553858}"
EndProject
Global
	GlobalSection(SolutionConfigurationPlatforms) = preSolution
		Debug|Any CPU = Debug|Any CPU
		Release|Any CPU = Release|Any CPU
	EndGlobalSection
	GlobalSection(ProjectConfigurationPlatforms) = postSolution
		{5DC89648-9F85-58FB-480B-F61267553858}.Debug|Any CPU.ActiveCfg = Debug|Any CPU
		{5DC89648-9F85-58FB-480B-F61267553858}.Debug|Any CPU.Build.0 = Debug|Any CPU
		{5DC89648-9F85-58FB-480B-F61267553858}.Release|Any CPU.ActiveCfg = Release|Any CPU
		{5DC89648-9F85-58FB-480B-F61267553858}.Release|Any CPU.Build.0 = Release|Any CPU
	EndGlobalSection
	GlobalSection(SolutionProperties) = preSolution
		HideSolutionNode = FALSE
	EndGlobalSection
	GlobalSection(ExtensibilityGlobals) = postSolution
		SolutionGuid = {F3BB126C-69FC-4125-912F-49472BD1BB0F}
	EndGlobalSection
EndGlobal
